
Microsoft Visual Studio Solution File, Format Version 12.00
# Visual Studio 15
VisualStudioVersion = 15.0.28307.1062
MinimumVisualStudioVersion = 10.0.40219.1
Project("{FAE04EC0-301F-11D3-BF4B-00C04F79EFBC}") = "Homework_9", "Homework_9\Homework_9.csproj", "{D8576403-4E09-40EF-AD36-78A00638DDEA}"
EndProject
Global
	GlobalSection(SolutionConfigurationPlatforms) = preSolution
		Debug|Any CPU = Debug|Any CPU
		Release|Any CPU = Release|Any CPU
	EndGlobalSection
	GlobalSection(ProjectConfigurationPlatforms) = postSolution
		{D8576403-4E09-40EF-AD36-78A00638DDEA}.Debug|Any CPU.ActiveCfg = Debug|Any CPU
		{D8576403-4E09-40EF-AD36-78A00638DDEA}.Debug|Any CPU.Build.0 = Debug|Any CPU
		{D8576403-4E09-40EF-AD36-78A00638DDEA}.Release|Any CPU.ActiveCfg = Release|Any CPU
		{D8576403-4E09-40EF-AD36-78A00638DDEA}.Release|Any CPU.Build.0 = Release|Any CPU
	EndGlobalSection
	GlobalSection(SolutionProperties) = preSolution
		HideSolutionNode = FALSE
	EndGlobalSection
	GlobalSection(ExtensibilityGlobals) = postSolution
		SolutionGuid = {44506AE7-BE41-4402-AD54-C81AE9A0CB0B}
	EndGlobalSection
EndGlobal
