
Microsoft Visual Studio Solution File, Format Version 12.00
# Visual Studio 15
VisualStudioVersion = 15.0.28307.1022
MinimumVisualStudioVersion = 10.0.40219.1
Project("{FAE04EC0-301F-11D3-BF4B-00C04F79EFBC}") = "Homework_4-1", "Homework_4-1\Homework_4-1.csproj", "{AB6160FC-6B78-405E-BA4F-099DF3BDC2ED}"
EndProject
Project("{FAE04EC0-301F-11D3-BF4B-00C04F79EFBC}") = "Homework_4-2", "Homework_4-2\Homework_4-2.csproj", "{1BDB4327-54F3-4654-A442-48652D2700E4}"
EndProject
Global
	GlobalSection(SolutionConfigurationPlatforms) = preSolution
		Debug|Any CPU = Debug|Any CPU
		Release|Any CPU = Release|Any CPU
	EndGlobalSection
	GlobalSection(ProjectConfigurationPlatforms) = postSolution
		{AB6160FC-6B78-405E-BA4F-099DF3BDC2ED}.Debug|Any CPU.ActiveCfg = Debug|Any CPU
		{AB6160FC-6B78-405E-BA4F-099DF3BDC2ED}.Debug|Any CPU.Build.0 = Debug|Any CPU
		{AB6160FC-6B78-405E-BA4F-099DF3BDC2ED}.Release|Any CPU.ActiveCfg = Release|Any CPU
		{AB6160FC-6B78-405E-BA4F-099DF3BDC2ED}.Release|Any CPU.Build.0 = Release|Any CPU
		{1BDB4327-54F3-4654-A442-48652D2700E4}.Debug|Any CPU.ActiveCfg = Debug|Any CPU
		{1BDB4327-54F3-4654-A442-48652D2700E4}.Debug|Any CPU.Build.0 = Debug|Any CPU
		{1BDB4327-54F3-4654-A442-48652D2700E4}.Release|Any CPU.ActiveCfg = Release|Any CPU
		{1BDB4327-54F3-4654-A442-48652D2700E4}.Release|Any CPU.Build.0 = Release|Any CPU
	EndGlobalSection
	GlobalSection(SolutionProperties) = preSolution
		HideSolutionNode = FALSE
	EndGlobalSection
	GlobalSection(ExtensibilityGlobals) = postSolution
		SolutionGuid = {81A4963C-3B82-448C-AB44-458D4DB67BDB}
	EndGlobalSection
EndGlobal
